
Microsoft Visual Studio Solution File, Format Version 12.00
# Visual Studio Version 17
VisualStudioVersion = 17.4.33205.214
MinimumVisualStudioVersion = 10.0.40219.1
Project("{9A19103F-16F7-4668-BE54-9A1E7A4F7556}") = "OlxWebApplication", "OlxWebApplication\OlxWebApplication.csproj", "{BE0B9653-1529-49A6-A701-DA66BF61487C}"
EndProject
Project("{2150E333-8FDC-42A3-9474-1A3956D46DE8}") = "src", "src", "{E1919E3D-A12B-47F5-9E3B-F81EEAB8AFB9}"
EndProject
Project("{9A19103F-16F7-4668-BE54-9A1E7A4F7556}") = "OlxCore", "OlxCore\OlxCore.csproj", "{9E715A63-5BFA-43D5-917B-D729C6051599}"
EndProject
Project("{9A19103F-16F7-4668-BE54-9A1E7A4F7556}") = "OlxWebAPI", "OlxWebAPI\OlxWebAPI.csproj", "{0BECE5E6-C2B3-4F75-8C02-17C6C55E70D6}"
EndProject
Project("{2150E333-8FDC-42A3-9474-1A3956D46DE8}") = "tests", "tests", "{BA70CFB9-76EB-4712-AFC1-EA4903E52574}"
EndProject
Project("{9A19103F-16F7-4668-BE54-9A1E7A4F7556}") = "OlxInfrastructure", "OlxInfrastructure\OlxInfrastructure.csproj", "{A0DEEC4F-7BAE-4784-BCC5-FD14827BC96D}"
EndProject
Project("{2150E333-8FDC-42A3-9474-1A3956D46DE8}") = "Services", "Services", "{AFAB9042-2A67-4458-BC9C-3131B2C9F1E9}"
EndProject
Project("{9A19103F-16F7-4668-BE54-9A1E7A4F7556}") = "OlxShared", "OlxShared\OlxShared.csproj", "{0A84D252-2A1F-4B18-BA35-6FD0B269F31C}"
EndProject
Project("{9A19103F-16F7-4668-BE54-9A1E7A4F7556}") = "OlxServices", "OlxServices\OlxServices.csproj", "{7C7BC254-F378-4A75-96F1-A2B333BECFB4}"
EndProject
Global
	GlobalSection(SolutionConfigurationPlatforms) = preSolution
		Debug|Any CPU = Debug|Any CPU
		Release|Any CPU = Release|Any CPU
	EndGlobalSection
	GlobalSection(ProjectConfigurationPlatforms) = postSolution
		{BE0B9653-1529-49A6-A701-DA66BF61487C}.Debug|Any CPU.ActiveCfg = Debug|Any CPU
		{BE0B9653-1529-49A6-A701-DA66BF61487C}.Debug|Any CPU.Build.0 = Debug|Any CPU
		{BE0B9653-1529-49A6-A701-DA66BF61487C}.Release|Any CPU.ActiveCfg = Release|Any CPU
		{BE0B9653-1529-49A6-A701-DA66BF61487C}.Release|Any CPU.Build.0 = Release|Any CPU
		{9E715A63-5BFA-43D5-917B-D729C6051599}.Debug|Any CPU.ActiveCfg = Debug|Any CPU
		{9E715A63-5BFA-43D5-917B-D729C6051599}.Debug|Any CPU.Build.0 = Debug|Any CPU
		{9E715A63-5BFA-43D5-917B-D729C6051599}.Release|Any CPU.ActiveCfg = Release|Any CPU
		{9E715A63-5BFA-43D5-917B-D729C6051599}.Release|Any CPU.Build.0 = Release|Any CPU
		{0BECE5E6-C2B3-4F75-8C02-17C6C55E70D6}.Debug|Any CPU.ActiveCfg = Debug|Any CPU
		{0BECE5E6-C2B3-4F75-8C02-17C6C55E70D6}.Debug|Any CPU.Build.0 = Debug|Any CPU
		{0BECE5E6-C2B3-4F75-8C02-17C6C55E70D6}.Release|Any CPU.ActiveCfg = Release|Any CPU
		{0BECE5E6-C2B3-4F75-8C02-17C6C55E70D6}.Release|Any CPU.Build.0 = Release|Any CPU
		{A0DEEC4F-7BAE-4784-BCC5-FD14827BC96D}.Debug|Any CPU.ActiveCfg = Debug|Any CPU
		{A0DEEC4F-7BAE-4784-BCC5-FD14827BC96D}.Debug|Any CPU.Build.0 = Debug|Any CPU
		{A0DEEC4F-7BAE-4784-BCC5-FD14827BC96D}.Release|Any CPU.ActiveCfg = Release|Any CPU
		{A0DEEC4F-7BAE-4784-BCC5-FD14827BC96D}.Release|Any CPU.Build.0 = Release|Any CPU
		{0A84D252-2A1F-4B18-BA35-6FD0B269F31C}.Debug|Any CPU.ActiveCfg = Debug|Any CPU
		{0A84D252-2A1F-4B18-BA35-6FD0B269F31C}.Debug|Any CPU.Build.0 = Debug|Any CPU
		{0A84D252-2A1F-4B18-BA35-6FD0B269F31C}.Release|Any CPU.ActiveCfg = Release|Any CPU
		{0A84D252-2A1F-4B18-BA35-6FD0B269F31C}.Release|Any CPU.Build.0 = Release|Any CPU
		{7C7BC254-F378-4A75-96F1-A2B333BECFB4}.Debug|Any CPU.ActiveCfg = Debug|Any CPU
		{7C7BC254-F378-4A75-96F1-A2B333BECFB4}.Debug|Any CPU.Build.0 = Debug|Any CPU
		{7C7BC254-F378-4A75-96F1-A2B333BECFB4}.Release|Any CPU.ActiveCfg = Release|Any CPU
		{7C7BC254-F378-4A75-96F1-A2B333BECFB4}.Release|Any CPU.Build.0 = Release|Any CPU
	EndGlobalSection
	GlobalSection(SolutionProperties) = preSolution
		HideSolutionNode = FALSE
	EndGlobalSection
	GlobalSection(NestedProjects) = preSolution
		{BE0B9653-1529-49A6-A701-DA66BF61487C} = {E1919E3D-A12B-47F5-9E3B-F81EEAB8AFB9}
		{9E715A63-5BFA-43D5-917B-D729C6051599} = {E1919E3D-A12B-47F5-9E3B-F81EEAB8AFB9}
		{0BECE5E6-C2B3-4F75-8C02-17C6C55E70D6} = {E1919E3D-A12B-47F5-9E3B-F81EEAB8AFB9}
		{A0DEEC4F-7BAE-4784-BCC5-FD14827BC96D} = {E1919E3D-A12B-47F5-9E3B-F81EEAB8AFB9}
		{AFAB9042-2A67-4458-BC9C-3131B2C9F1E9} = {E1919E3D-A12B-47F5-9E3B-F81EEAB8AFB9}
		{0A84D252-2A1F-4B18-BA35-6FD0B269F31C} = {E1919E3D-A12B-47F5-9E3B-F81EEAB8AFB9}
		{7C7BC254-F378-4A75-96F1-A2B333BECFB4} = {E1919E3D-A12B-47F5-9E3B-F81EEAB8AFB9}
	EndGlobalSection
	GlobalSection(ExtensibilityGlobals) = postSolution
		SolutionGuid = {FC642E73-88F9-40B6-B40C-87F59732CCDB}
	EndGlobalSection
EndGlobal
